
Microsoft Visual Studio Solution File, Format Version 12.00
# Visual Studio 15
VisualStudioVersion = 15.0.28010.2019
MinimumVisualStudioVersion = 10.0.40219.1
Project("{FAE04EC0-301F-11D3-BF4B-00C04F79EFBC}") = "InternetAuction.WEB", "InternetAuction.WEB\InternetAuction.WEB.csproj", "{7874D508-DEB7-4FC1-A701-1B989168F18A}"
EndProject
Project("{FAE04EC0-301F-11D3-BF4B-00C04F79EFBC}") = "InternetAuction.DAL", "InternetAuction.DAL\InternetAuction.DAL.csproj", "{049BB146-7A84-47E1-AFF3-34A42D7F7D8E}"
EndProject
Project("{FAE04EC0-301F-11D3-BF4B-00C04F79EFBC}") = "InternetAuction.BLL", "InternetAuction.BLL\InternetAuction.BLL.csproj", "{C83A22F2-AF81-4D4B-932D-2AA157D6D39F}"
EndProject
Global
	GlobalSection(SolutionConfigurationPlatforms) = preSolution
		Debug|Any CPU = Debug|Any CPU
		Release|Any CPU = Release|Any CPU
	EndGlobalSection
	GlobalSection(ProjectConfigurationPlatforms) = postSolution
		{7874D508-DEB7-4FC1-A701-1B989168F18A}.Debug|Any CPU.ActiveCfg = Debug|Any CPU
		{7874D508-DEB7-4FC1-A701-1B989168F18A}.Debug|Any CPU.Build.0 = Debug|Any CPU
		{7874D508-DEB7-4FC1-A701-1B989168F18A}.Release|Any CPU.ActiveCfg = Release|Any CPU
		{7874D508-DEB7-4FC1-A701-1B989168F18A}.Release|Any CPU.Build.0 = Release|Any CPU
		{049BB146-7A84-47E1-AFF3-34A42D7F7D8E}.Debug|Any CPU.ActiveCfg = Debug|Any CPU
		{049BB146-7A84-47E1-AFF3-34A42D7F7D8E}.Debug|Any CPU.Build.0 = Debug|Any CPU
		{049BB146-7A84-47E1-AFF3-34A42D7F7D8E}.Release|Any CPU.ActiveCfg = Release|Any CPU
		{049BB146-7A84-47E1-AFF3-34A42D7F7D8E}.Release|Any CPU.Build.0 = Release|Any CPU
		{C83A22F2-AF81-4D4B-932D-2AA157D6D39F}.Debug|Any CPU.ActiveCfg = Debug|Any CPU
		{C83A22F2-AF81-4D4B-932D-2AA157D6D39F}.Debug|Any CPU.Build.0 = Debug|Any CPU
		{C83A22F2-AF81-4D4B-932D-2AA157D6D39F}.Release|Any CPU.ActiveCfg = Release|Any CPU
		{C83A22F2-AF81-4D4B-932D-2AA157D6D39F}.Release|Any CPU.Build.0 = Release|Any CPU
	EndGlobalSection
	GlobalSection(SolutionProperties) = preSolution
		HideSolutionNode = FALSE
	EndGlobalSection
	GlobalSection(ExtensibilityGlobals) = postSolution
		SolutionGuid = {99C2565C-0107-4093-A420-B05D5414C136}
	EndGlobalSection
EndGlobal
